{
  "name": "@rbxts/rodux-tools",
  "version": "1.0.0",
  "lockfileVersion": 3,
  "requires": true,
  "packages": {
    "": {
      "name": "@rbxts/rodux-tools",
      "version": "1.0.0",
      "license": "ISC",
      "dependencies": {
        "@rbxts/rodux": "^3.0.0-ts.3"
      },
      "devDependencies": {
        "@rbxts/compiler-types": "^2.0.4-types.1",
        "@rbxts/testez": "^0.4.2-ts.0",
        "@rbxts/types": "^1.0.670",
        "typescript": "^5.0.3"
      }
    },
    "node_modules/@rbxts/compiler-types": {
      "version": "2.0.4-types.1",
      "resolved": "https://registry.npmjs.org/@rbxts/compiler-types/-/compiler-types-2.0.4-types.1.tgz",
      "integrity": "sha512-sLFiyMH9j8kcCd07lt6R+WgneksCGqYUFKu7qX02ufUU7r9eR2dXoOt2A9Nxh3unTuCu5mYyO0M6JYb82fOHxA==",
      "dev": true
    },
    "node_modules/@rbxts/rodux": {
      "version": "3.0.0-ts.3",
      "resolved": "https://registry.npmjs.org/@rbxts/rodux/-/rodux-3.0.0-ts.3.tgz",
      "integrity": "sha512-LrLowiF1YL5U+lQheCNMo8sbrSEoZAIlVFOGB7Edjein5TtZAeNgyJrhY5yFH5gAfJQzFRnZWVOxWFaMlD0GRg=="
    },
    "node_modules/@rbxts/testez": {
      "version": "0.4.2-ts.0",
      "resolved": "https://registry.npmjs.org/@rbxts/testez/-/testez-0.4.2-ts.0.tgz",
      "integrity": "sha512-8Q+OG9ddTD2P3aARCuRKpPqUBvuifgSnHvQMZ6jBMqUzxhIysnb0l4c3vnnaQnvdyZ1OW9tKxcdEHMGTb67uOw==",
      "dev": true
    },
    "node_modules/@rbxts/types": {
      "version": "1.0.670",
      "resolved": "https://registry.npmjs.org/@rbxts/types/-/types-1.0.670.tgz",
      "integrity": "sha512-mpRrE7UWX6ZGB1x6g0FhThwRnbHKfFjb6q0kh8NN9mfOet25gsLVlYS1Ojj06RCJtoMk6DQSnyL9n7jKl8znnw==",
      "dev": true
    },
    "node_modules/typescript": {
      "version": "5.0.3",
      "resolved": "https://registry.npmjs.org/typescript/-/typescript-5.0.3.tgz",
      "integrity": "sha512-xv8mOEDnigb/tN9PSMTwSEqAnUvkoXMQlicOb0IUVDBSQCgBSaAAROUZYy2IcUy5qU6XajK5jjjO7TMWqBTKZA==",
      "dev": true,
      "bin": {
        "tsc": "bin/tsc",
        "tsserver": "bin/tsserver"
      },
      "engines": {
        "node": ">=12.20"
      }
    }
  }
}
